
Microsoft Visual Studio Solution File, Format Version 12.00
# Visual Studio Version 16
VisualStudioVersion = 16.0.30413.136
MinimumVisualStudioVersion = 10.0.40219.1
Project("{8BC9CEB8-8B4A-11D0-8D11-00A0C91BC942}") = "labWork", "labWork\labWork.vcxproj", "{CB64AF65-EDFB-421E-8855-C226B5DB1CF0}"
EndProject
Global
	GlobalSection(SolutionConfigurationPlatforms) = preSolution
		Debug|x64 = Debug|x64
		Debug|x86 = Debug|x86
		Release|x64 = Release|x64
		Release|x86 = Release|x86
	EndGlobalSection
	GlobalSection(ProjectConfigurationPlatforms) = postSolution
		{CB64AF65-EDFB-421E-8855-C226B5DB1CF0}.Debug|x64.ActiveCfg = Debug|x64
		{CB64AF65-EDFB-421E-8855-C226B5DB1CF0}.Debug|x64.Build.0 = Debug|x64
		{CB64AF65-EDFB-421E-8855-C226B5DB1CF0}.Debug|x86.ActiveCfg = Debug|Win32
		{CB64AF65-EDFB-421E-8855-C226B5DB1CF0}.Debug|x86.Build.0 = Debug|Win32
		{CB64AF65-EDFB-421E-8855-C226B5DB1CF0}.Release|x64.ActiveCfg = Release|x64
		{CB64AF65-EDFB-421E-8855-C226B5DB1CF0}.Release|x64.Build.0 = Release|x64
		{CB64AF65-EDFB-421E-8855-C226B5DB1CF0}.Release|x86.ActiveCfg = Release|Win32
		{CB64AF65-EDFB-421E-8855-C226B5DB1CF0}.Release|x86.Build.0 = Release|Win32
	EndGlobalSection
	GlobalSection(SolutionProperties) = preSolution
		HideSolutionNode = FALSE
	EndGlobalSection
	GlobalSection(ExtensibilityGlobals) = postSolution
		SolutionGuid = {58E2A7A2-470C-4E2E-9F13-2A597ABD118F}
	EndGlobalSection
EndGlobal
